
Microsoft Visual Studio Solution File, Format Version 12.00
# Visual Studio Version 16
VisualStudioVersion = 16.0.30002.166
MinimumVisualStudioVersion = 10.0.40219.1
Project("{FAE04EC0-301F-11D3-BF4B-00C04F79EFBC}") = "SirhurtFixUtility", "SirhurtFixUtility\SirhurtFixUtility.csproj", "{EB178DDF-89D2-44AA-ADAA-B98FDB68F328}"
EndProject
Global
	GlobalSection(SolutionConfigurationPlatforms) = preSolution
		Debug|Any CPU = Debug|Any CPU
		Debug|x64 = Debug|x64
		Release|Any CPU = Release|Any CPU
		Release|x64 = Release|x64
	EndGlobalSection
	GlobalSection(ProjectConfigurationPlatforms) = postSolution
		{EB178DDF-89D2-44AA-ADAA-B98FDB68F328}.Debug|Any CPU.ActiveCfg = Debug|Any CPU
		{EB178DDF-89D2-44AA-ADAA-B98FDB68F328}.Debug|Any CPU.Build.0 = Debug|Any CPU
		{EB178DDF-89D2-44AA-ADAA-B98FDB68F328}.Debug|x64.ActiveCfg = Debug|x64
		{EB178DDF-89D2-44AA-ADAA-B98FDB68F328}.Debug|x64.Build.0 = Debug|x64
		{EB178DDF-89D2-44AA-ADAA-B98FDB68F328}.Release|Any CPU.ActiveCfg = Release|Any CPU
		{EB178DDF-89D2-44AA-ADAA-B98FDB68F328}.Release|Any CPU.Build.0 = Release|Any CPU
		{EB178DDF-89D2-44AA-ADAA-B98FDB68F328}.Release|x64.ActiveCfg = Release|x64
		{EB178DDF-89D2-44AA-ADAA-B98FDB68F328}.Release|x64.Build.0 = Release|x64
	EndGlobalSection
	GlobalSection(SolutionProperties) = preSolution
		HideSolutionNode = FALSE
	EndGlobalSection
	GlobalSection(ExtensibilityGlobals) = postSolution
		SolutionGuid = {10996F88-0742-4ECC-A5C4-052B9AFA57A8}
	EndGlobalSection
EndGlobal
